
Microsoft Visual Studio Solution File, Format Version 12.00
# Visual Studio Version 16
VisualStudioVersion = 16.0.32002.261
MinimumVisualStudioVersion = 10.0.40219.1
Project("{FAE04EC0-301F-11D3-BF4B-00C04F79EFBC}") = "MyThunder.Android", "MyThunder\MyThunder.Android\MyThunder.Android.csproj", "{83C5E3E3-D1F1-45A9-AA4E-F847C3AD76A5}"
EndProject
Project("{FAE04EC0-301F-11D3-BF4B-00C04F79EFBC}") = "MyThunder.iOS", "MyThunder\MyThunder.iOS\MyThunder.iOS.csproj", "{1A4B1DCF-1410-46DF-BF80-ABE05CFBE000}"
EndProject
Project("{FAE04EC0-301F-11D3-BF4B-00C04F79EFBC}") = "MyThunder", "MyThunder\MyThunder\MyThunder.csproj", "{8E76BBCC-4665-44A0-9F90-CE1E4FCE9BC5}"
EndProject
Global
	GlobalSection(SolutionConfigurationPlatforms) = preSolution
		Debug|Any CPU = Debug|Any CPU
		Debug|iPhone = Debug|iPhone
		Debug|iPhoneSimulator = Debug|iPhoneSimulator
		Release|Any CPU = Release|Any CPU
		Release|iPhone = Release|iPhone
		Release|iPhoneSimulator = Release|iPhoneSimulator
	EndGlobalSection
	GlobalSection(ProjectConfigurationPlatforms) = postSolution
		{83C5E3E3-D1F1-45A9-AA4E-F847C3AD76A5}.Debug|Any CPU.ActiveCfg = Debug|Any CPU
		{83C5E3E3-D1F1-45A9-AA4E-F847C3AD76A5}.Debug|Any CPU.Build.0 = Debug|Any CPU
		{83C5E3E3-D1F1-45A9-AA4E-F847C3AD76A5}.Debug|Any CPU.Deploy.0 = Debug|Any CPU
		{83C5E3E3-D1F1-45A9-AA4E-F847C3AD76A5}.Debug|iPhone.ActiveCfg = Debug|Any CPU
		{83C5E3E3-D1F1-45A9-AA4E-F847C3AD76A5}.Debug|iPhone.Build.0 = Debug|Any CPU
		{83C5E3E3-D1F1-45A9-AA4E-F847C3AD76A5}.Debug|iPhone.Deploy.0 = Debug|Any CPU
		{83C5E3E3-D1F1-45A9-AA4E-F847C3AD76A5}.Debug|iPhoneSimulator.ActiveCfg = Debug|Any CPU
		{83C5E3E3-D1F1-45A9-AA4E-F847C3AD76A5}.Debug|iPhoneSimulator.Build.0 = Debug|Any CPU
		{83C5E3E3-D1F1-45A9-AA4E-F847C3AD76A5}.Debug|iPhoneSimulator.Deploy.0 = Debug|Any CPU
		{83C5E3E3-D1F1-45A9-AA4E-F847C3AD76A5}.Release|Any CPU.ActiveCfg = Release|Any CPU
		{83C5E3E3-D1F1-45A9-AA4E-F847C3AD76A5}.Release|Any CPU.Build.0 = Release|Any CPU
		{83C5E3E3-D1F1-45A9-AA4E-F847C3AD76A5}.Release|Any CPU.Deploy.0 = Release|Any CPU
		{83C5E3E3-D1F1-45A9-AA4E-F847C3AD76A5}.Release|iPhone.ActiveCfg = Release|Any CPU
		{83C5E3E3-D1F1-45A9-AA4E-F847C3AD76A5}.Release|iPhone.Build.0 = Release|Any CPU
		{83C5E3E3-D1F1-45A9-AA4E-F847C3AD76A5}.Release|iPhone.Deploy.0 = Release|Any CPU
		{83C5E3E3-D1F1-45A9-AA4E-F847C3AD76A5}.Release|iPhoneSimulator.ActiveCfg = Release|Any CPU
		{83C5E3E3-D1F1-45A9-AA4E-F847C3AD76A5}.Release|iPhoneSimulator.Build.0 = Release|Any CPU
		{83C5E3E3-D1F1-45A9-AA4E-F847C3AD76A5}.Release|iPhoneSimulator.Deploy.0 = Release|Any CPU
		{1A4B1DCF-1410-46DF-BF80-ABE05CFBE000}.Debug|Any CPU.ActiveCfg = Debug|iPhone
		{1A4B1DCF-1410-46DF-BF80-ABE05CFBE000}.Debug|Any CPU.Build.0 = Debug|iPhone
		{1A4B1DCF-1410-46DF-BF80-ABE05CFBE000}.Debug|Any CPU.Deploy.0 = Debug|iPhone
		{1A4B1DCF-1410-46DF-BF80-ABE05CFBE000}.Debug|iPhone.ActiveCfg = Debug|iPhone
		{1A4B1DCF-1410-46DF-BF80-ABE05CFBE000}.Debug|iPhone.Build.0 = Debug|iPhone
		{1A4B1DCF-1410-46DF-BF80-ABE05CFBE000}.Debug|iPhone.Deploy.0 = Debug|iPhone
		{1A4B1DCF-1410-46DF-BF80-ABE05CFBE000}.Debug|iPhoneSimulator.ActiveCfg = Debug|iPhoneSimulator
		{1A4B1DCF-1410-46DF-BF80-ABE05CFBE000}.Debug|iPhoneSimulator.Build.0 = Debug|iPhoneSimulator
		{1A4B1DCF-1410-46DF-BF80-ABE05CFBE000}.Debug|iPhoneSimulator.Deploy.0 = Debug|iPhoneSimulator
		{1A4B1DCF-1410-46DF-BF80-ABE05CFBE000}.Release|Any CPU.ActiveCfg = Release|iPhoneSimulator
		{1A4B1DCF-1410-46DF-BF80-ABE05CFBE000}.Release|Any CPU.Build.0 = Release|iPhoneSimulator
		{1A4B1DCF-1410-46DF-BF80-ABE05CFBE000}.Release|Any CPU.Deploy.0 = Release|iPhoneSimulator
		{1A4B1DCF-1410-46DF-BF80-ABE05CFBE000}.Release|iPhone.ActiveCfg = Release|iPhone
		{1A4B1DCF-1410-46DF-BF80-ABE05CFBE000}.Release|iPhone.Build.0 = Release|iPhone
		{1A4B1DCF-1410-46DF-BF80-ABE05CFBE000}.Release|iPhone.Deploy.0 = Release|iPhone
		{1A4B1DCF-1410-46DF-BF80-ABE05CFBE000}.Release|iPhoneSimulator.ActiveCfg = Release|iPhoneSimulator
		{1A4B1DCF-1410-46DF-BF80-ABE05CFBE000}.Release|iPhoneSimulator.Build.0 = Release|iPhoneSimulator
		{1A4B1DCF-1410-46DF-BF80-ABE05CFBE000}.Release|iPhoneSimulator.Deploy.0 = Release|iPhoneSimulator
		{8E76BBCC-4665-44A0-9F90-CE1E4FCE9BC5}.Debug|Any CPU.ActiveCfg = Debug|Any CPU
		{8E76BBCC-4665-44A0-9F90-CE1E4FCE9BC5}.Debug|Any CPU.Build.0 = Debug|Any CPU
		{8E76BBCC-4665-44A0-9F90-CE1E4FCE9BC5}.Debug|Any CPU.Deploy.0 = Debug|Any CPU
		{8E76BBCC-4665-44A0-9F90-CE1E4FCE9BC5}.Debug|iPhone.ActiveCfg = Debug|Any CPU
		{8E76BBCC-4665-44A0-9F90-CE1E4FCE9BC5}.Debug|iPhone.Build.0 = Debug|Any CPU
		{8E76BBCC-4665-44A0-9F90-CE1E4FCE9BC5}.Debug|iPhone.Deploy.0 = Debug|Any CPU
		{8E76BBCC-4665-44A0-9F90-CE1E4FCE9BC5}.Debug|iPhoneSimulator.ActiveCfg = Debug|Any CPU
		{8E76BBCC-4665-44A0-9F90-CE1E4FCE9BC5}.Debug|iPhoneSimulator.Build.0 = Debug|Any CPU
		{8E76BBCC-4665-44A0-9F90-CE1E4FCE9BC5}.Debug|iPhoneSimulator.Deploy.0 = Debug|Any CPU
		{8E76BBCC-4665-44A0-9F90-CE1E4FCE9BC5}.Release|Any CPU.ActiveCfg = Release|Any CPU
		{8E76BBCC-4665-44A0-9F90-CE1E4FCE9BC5}.Release|Any CPU.Build.0 = Release|Any CPU
		{8E76BBCC-4665-44A0-9F90-CE1E4FCE9BC5}.Release|Any CPU.Deploy.0 = Release|Any CPU
		{8E76BBCC-4665-44A0-9F90-CE1E4FCE9BC5}.Release|iPhone.ActiveCfg = Release|Any CPU
		{8E76BBCC-4665-44A0-9F90-CE1E4FCE9BC5}.Release|iPhone.Build.0 = Release|Any CPU
		{8E76BBCC-4665-44A0-9F90-CE1E4FCE9BC5}.Release|iPhone.Deploy.0 = Release|Any CPU
		{8E76BBCC-4665-44A0-9F90-CE1E4FCE9BC5}.Release|iPhoneSimulator.ActiveCfg = Release|Any CPU
		{8E76BBCC-4665-44A0-9F90-CE1E4FCE9BC5}.Release|iPhoneSimulator.Build.0 = Release|Any CPU
		{8E76BBCC-4665-44A0-9F90-CE1E4FCE9BC5}.Release|iPhoneSimulator.Deploy.0 = Release|Any CPU
	EndGlobalSection
	GlobalSection(SolutionProperties) = preSolution
		HideSolutionNode = FALSE
	EndGlobalSection
	GlobalSection(ExtensibilityGlobals) = postSolution
		SolutionGuid = {39A14116-6E6A-4899-B47C-EEC8A22AE0A1}
	EndGlobalSection
EndGlobal
